
Microsoft Visual Studio Solution File, Format Version 12.00
# Visual Studio Version 16
VisualStudioVersion = 16.0.31313.79
MinimumVisualStudioVersion = 10.0.40219.1
Project("{9A19103F-16F7-4668-BE54-9A1E7A4F7556}") = "NuocMamHongDuc_Web_App", "NuocMamHongDuc_Web_App\NuocMamHongDuc_Web_App.csproj", "{8E9B1673-76CD-4A87-88F6-007CFB08A6BD}"
EndProject
Project("{FAE04EC0-301F-11D3-BF4B-00C04F79EFBC}") = "NMHD_DataAccess", "NMHD_DataAccess\NMHD_DataAccess.csproj", "{C74DB041-5D05-43E1-A19A-4FE6C2752BB1}"
EndProject
Global
	GlobalSection(SolutionConfigurationPlatforms) = preSolution
		Debug|Any CPU = Debug|Any CPU
		Release|Any CPU = Release|Any CPU
	EndGlobalSection
	GlobalSection(ProjectConfigurationPlatforms) = postSolution
		{8E9B1673-76CD-4A87-88F6-007CFB08A6BD}.Debug|Any CPU.ActiveCfg = Debug|Any CPU
		{8E9B1673-76CD-4A87-88F6-007CFB08A6BD}.Debug|Any CPU.Build.0 = Debug|Any CPU
		{8E9B1673-76CD-4A87-88F6-007CFB08A6BD}.Release|Any CPU.ActiveCfg = Release|Any CPU
		{8E9B1673-76CD-4A87-88F6-007CFB08A6BD}.Release|Any CPU.Build.0 = Release|Any CPU
		{C74DB041-5D05-43E1-A19A-4FE6C2752BB1}.Debug|Any CPU.ActiveCfg = Debug|Any CPU
		{C74DB041-5D05-43E1-A19A-4FE6C2752BB1}.Debug|Any CPU.Build.0 = Debug|Any CPU
		{C74DB041-5D05-43E1-A19A-4FE6C2752BB1}.Release|Any CPU.ActiveCfg = Release|Any CPU
		{C74DB041-5D05-43E1-A19A-4FE6C2752BB1}.Release|Any CPU.Build.0 = Release|Any CPU
	EndGlobalSection
	GlobalSection(SolutionProperties) = preSolution
		HideSolutionNode = FALSE
	EndGlobalSection
	GlobalSection(ExtensibilityGlobals) = postSolution
		SolutionGuid = {66BF82FF-392A-4A78-9CEF-6E3C7C7E3C56}
	EndGlobalSection
EndGlobal
